// !$*UTF8*$!
{
	archiveVersion = 1;
	classes = {
	};
	objectVersion = 50;
	objects = {

/* Begin PBXBuildFile section */
		61FA0A2620C547F800A83ACC /* AppDelegate.swift in Sources */ = {isa = PBXBuildFile; fileRef = 61FA0A2520C547F800A83ACC /* AppDelegate.swift */; };
		61FA0A2B20C547F800A83ACC /* Main.storyboard in Resources */ = {isa = PBXBuildFile; fileRef = 61FA0A2920C547F800A83ACC /* Main.storyboard */; };
		61FA0A2D20C547F900A83ACC /* Assets.xcassets in Resources */ = {isa = PBXBuildFile; fileRef = 61FA0A2C20C547F900A83ACC /* Assets.xcassets */; };
		61FA0A3020C547F900A83ACC /* LaunchScreen.storyboard in Resources */ = {isa = PBXBuildFile; fileRef = 61FA0A2E20C547F900A83ACC /* LaunchScreen.storyboard */; };
		61FA0A3A20C5488900A83ACC /* firstViewController.swift in Sources */ = {isa = PBXBuildFile; fileRef = 61FA0A3920C5488900A83ACC /* firstViewController.swift */; };
		61FA0A3C20C5489A00A83ACC /* secViewController.swift in Sources */ = {isa = PBXBuildFile; fileRef = 61FA0A3B20C5489A00A83ACC /* secViewController.swift */; };
/* End PBXBuildFile section */

/* Begin PBXFileReference section */
		61FA0A2220C547F800A83ACC /* twoscreens.app */ = {isa = PBXFileReference; explicitFileType = wrapper.application; includeInIndex = 0; path = twoscreens.app; sourceTree = BUILT_PRODUCTS_DIR; };
		61FA0A2520C547F800A83ACC /* AppDelegate.swift */ = {isa = PBXFileReference; lastKnownFileType = sourcecode.swift; path = AppDelegate.swift; sourceTree = "<group>"; };
		61FA0A2A20C547F800A83ACC /* Base */ = {isa = PBXFileReference; lastKnownFileType = file.storyboard; name = Base; path = Base.lproj/Main.storyboard; sourceTree = "<group>"; };
		61FA0A2C20C547F900A83ACC /* Assets.xcassets */ = {isa = PBXFileReference; lastKnownFileType = folder.assetcatalog; path = Assets.xcassets; sourceTree = "<group>"; };
		61FA0A2F20C547F900A83ACC /* Base */ = {isa = PBXFileReference; lastKnownFileType = file.storyboard; name = Base; path = Base.lproj/LaunchScreen.storyboard; sourceTree = "<group>"; };
		61FA0A3120C547F900A83ACC /* Info.plist */ = {isa = PBXFileReference; lastKnownFileType = text.plist.xml; path = Info.plist; sourceTree = "<group>"; };
		61FA0A3920C5488900A83ACC /* firstViewController.swift */ = {isa = PBXFileReference; lastKnownFileType = sourcecode.swift; path = firstViewController.swift; sourceTree = "<group>"; };
		61FA0A3B20C5489A00A83ACC /* secViewController.swift */ = {isa = PBXFileReference; lastKnownFileType = sourcecode.swift; path = secViewController.swift; sourceTree = "<group>"; };
/* End PBXFileReference section */

/* Begin PBXFrameworksBuildPhase section */
		61FA0A1F20C547F800A83ACC /* Frameworks */ = {
			isa = PBXFrameworksBuildPhase;
			buildActionMask = 2147483647;
			files = (
			);
			runOnlyForDeploymentPostprocessing = 0;
		};
/* End PBXFrameworksBuildPhase section */

/* Begin PBXGroup section */
		61FA0A1920C547F800A83ACC = {
			isa = PBXGroup;
			children = (
				61FA0A2420C547F800A83ACC /* twoscreens */,
				61FA0A2320C547F800A83ACC /* Products */,
			);
			sourceTree = "<group>";
		};
		61FA0A2320C547F800A83ACC /* Products */ = {
			isa = PBXGroup;
			children = (
				61FA0A2220C547F800A83ACC /* twoscreens.app */,
			);
			name = Products;
			sourceTree = "<group>";
		};
		61FA0A2420C547F800A83ACC /* twoscreens */ = {
			isa = PBXGroup;
			children = (
				61FA0A2520C547F800A83ACC /* AppDelegate.swift */,
				61FA0A2920C547F800A83ACC /* Main.storyboard */,
				61FA0A2C20C547F900A83ACC /* Assets.xcassets */,
				61FA0A2E20C547F900A83ACC /* LaunchScreen.storyboard */,
				61FA0A3120C547F900A83ACC /* Info.plist */,
				61FA0A3920C5488900A83ACC /* firstViewController.swift */,
				61FA0A3B20C5489A00A83ACC /* secViewController.swift */,
			);
			path = twoscreens;
			sourceTree = "<group>";
		};
/* End PBXGroup section */

/* Begin PBXNativeTarget section */
		61FA0A2120C547F800A83ACC /* twoscreens */ = {
			isa = PBXNativeTarget;
			buildConfigurationList = 61FA0A3420C547F900A83ACC /* Build configuration list for PBXNativeTarget "twoscreens" */;
			buildPhases = (
				61FA0A1E20C547F800A83ACC /* Sources */,
				61FA0A1F20C547F800A83ACC /* Frameworks */,
				61FA0A2020C547F800A83ACC /* Resources */,
			);
			buildRules = (
			);
			dependencies = (
			);
			name = twoscreens;
			productName = twoscreens;
			productReference = 61FA0A2220C547F800A83ACC /* twoscreens.app */;
			productType = "com.apple.product-type.application";
		};
/* End PBXNativeTarget section */

/* Begin PBXProject section */
		61FA0A1A20C547F800A83ACC /* Project object */ = {
			isa = PBXProject;
			attributes = {
				LastSwiftUpdateCheck = 0930;
				LastUpgradeCheck = 0930;
				ORGANIZATIONNAME = "Aqeel Ahmad";
				TargetAttributes = {
					61FA0A2120C547F800A83ACC = {
						CreatedOnToolsVersion = 9.3;
					};
				};
			};
			buildConfigurationList = 61FA0A1D20C547F800A83ACC /* Build configuration list for PBXProject "twoscreens" */;
			compatibilityVersion = "Xcode 9.3";
			developmentRegion = en;
			hasScannedForEncodings = 0;
			knownRegions = (
				en,
				Base,
			);
			mainGroup = 61FA0A1920C547F800A83ACC;
			productRefGroup = 61FA0A2320C547F800A83ACC /* Products */;
			projectDirPath = "";
			projectRoot = "";
			targets = (
				61FA0A2120C547F800A83ACC /* twoscreens */,
			);
		};
/* End PBXProject section */

/* Begin PBXResourcesBuildPhase section */
		61FA0A2020C547F800A83ACC /* Resources */ = {
			isa = PBXResourcesBuildPhase;
			buildActionMask = 2147483647;
			files = (
				61FA0A3020C547F900A83ACC /* LaunchScreen.storyboard in Resources */,
				61FA0A2D20C547F900A83ACC /* Assets.xcassets in Resources */,
				61FA0A2B20C547F800A83ACC /* Main.storyboard in Resources */,
			);
			runOnlyForDeploymentPostprocessing = 0;
		};
/* End PBXResourcesBuildPhase section */

/* Begin PBXSourcesBuildPhase section */
		61FA0A1E20C547F800A83ACC /* Sources */ = {
			isa = PBXSourcesBuildPhase;
			buildActionMask = 2147483647;
			files = (
				61FA0A2620C547F800A83ACC /* AppDelegate.swift in Sources */,
				61FA0A3C20C5489A00A83ACC /* secViewController.swift in Sources */,
				61FA0A3A20C5488900A83ACC /* firstViewController.swift in Sources */,
			);
			runOnlyForDeploymentPostprocessing = 0;
		};
/* End PBXSourcesBuildPhase section */

/* Begin PBXVariantGroup section */
		61FA0A2920C547F800A83ACC /* Main.storyboard */ = {
			isa = PBXVariantGroup;
			children = (
				61FA0A2A20C547F800A83ACC /* Base */,
			);
			name = Main.storyboard;
			sourceTree = "<group>";
		};
		61FA0A2E20C547F900A83ACC /* LaunchScreen.storyboard */ = {
			isa = PBXVariantGroup;
			children = (
				61FA0A2F20C547F900A83ACC /* Base */,
			);
			name = LaunchScreen.storyboard;
			sourceTree = "<group>";
		};
/* End PBXVariantGroup section */

/* Begin XCBuildConfiguration section */
		61FA0A3220C547F900A83ACC /* Debug */ = {
			isa = XCBuildConfiguration;
			buildSettings = {
				ALWAYS_SEARCH_USER_PATHS = NO;
				CLANG_ANALYZER_NONNULL = YES;
				CLANG_ANALYZER_NUMBER_OBJECT_CONVERSION = YES_AGGRESSIVE;
				CLANG_CXX_LANGUAGE_STANDARD = "gnu++14";
				CLANG_CXX_LIBRARY = "libc++";
				CLANG_ENABLE_MODULES = YES;
				CLANG_ENABLE_OBJC_ARC = YES;
				CLANG_ENABLE_OBJC_WEAK = YES;
				CLANG_WARN_BLOCK_CAPTURE_AUTORELEASING = YES;
				CLANG_WARN_BOOL_CONVERSION = YES;
				CLANG_WARN_COMMA = YES;
				CLANG_WARN_CONSTANT_CONVERSION = YES;
				CLANG_WARN_DEPRECATED_OBJC_IMPLEMENTATIONS = YES;
				CLANG_WARN_DIRECT_OBJC_ISA_USAGE = YES_ERROR;
				CLANG_WARN_DOCUMENTATION_COMMENTS = YES;
				CLANG_WARN_EMPTY_BODY = YES;
				CLANG_WARN_ENUM_CONVERSION = YES;
				CLANG_WARN_INFINITE_RECURSION = YES;
				CLANG_WARN_INT_CONVERSION = YES;
				CLANG_WARN_NON_LITERAL_NULL_CONVERSION = YES;
				CLANG_WARN_OBJC_IMPLICIT_RETAIN_SELF = YES;
				CLANG_WARN_OBJC_LITERAL_CONVERSION = YES;
				CLANG_WARN_OBJC_ROOT_CLASS = YES_ERROR;
				CLANG_WARN_RANGE_LOOP_ANALYSIS = YES;
				CLANG_WARN_STRICT_PROTOTYPES = YES;
				CLANG_WARN_SUSPICIOUS_MOVE = YES;
				CLANG_WARN_UNGUARDED_AVAILABILITY = YES_AGGRESSIVE;
				CLANG_WARN_UNREACHABLE_CODE = YES;
				CLANG_WARN__DUPLICATE_METHOD_MATCH = YES;
				CODE_SIGN_IDENTITY = "iPhone Developer";
				COPY_PHASE_STRIP = NO;
				DEBUG_INFORMATION_FORMAT = dwarf;
				ENABLE_STRICT_OBJC_MSGSEND = YES;
				ENABLE_TESTABILITY = YES;
				GCC_C_LANGUAGE_STANDARD = gnu11;
				GCC_DYNAMIC_NO_PIC = NO;
				GCC_NO_COMMON_BLOCKS = YES;
				GCC_OPTIMIZATION_LEVEL = 0;
				GCC_PREPROCESSOR_DEFINITIONS = (
					"DEBUG=1",
					"$(inherited)",
				);
				GCC_WARN_64_TO_32_BIT_CONVERSION = YES;
				GCC_WARN_ABOUT_RETURN_TYPE = YES_ERROR;
				GCC_WARN_UNDECLARED_SELECTOR = YES;
				GCC_WARN_UNINITIALIZED_AUTOS = YES_AGGRESSIVE;
				GCC_WARN_UNUSED_FUNCTION = YES;
				GCC_WARN_UNUSED_VARIABLE = YES;
				IPHONEOS_DEPLOYMENT_TARGET = 11.3;
				MTL_ENABLE_DEBUG_INFO = YES;
				ONLY_ACTIVE_ARCH = YES;
				SDKROOT = iphoneos;
				SWIFT_ACTIVE_COMPILATION_CONDITIONS = DEBUG;
				SWIFT_OPTIMIZATION_LEVEL = "-Onone";
			};
			name = Debug;
		};
		61FA0A3320C547F900A83ACC /* Release */ = {
			isa = XCBuildConfiguration;
			buildSettings = {
				ALWAYS_SEARCH_USER_PATHS = NO;
				CLANG_ANALYZER_NONNULL = YES;
				CLANG_ANALYZER_NUMBER_OBJECT_CONVERSION = YES_AGGRESSIVE;
				CLANG_CXX_LANGUAGE_STANDARD = "gnu++14";
				CLANG_CXX_LIBRARY = "libc++";
				CLANG_ENABLE_MODULES = YES;
				CLANG_ENABLE_OBJC_ARC = YES;
				CLANG_ENABLE_OBJC_WEAK = YES;
				CLANG_WARN_BLOCK_CAPTURE_AUTORELEASING = YES;
				CLANG_WARN_BOOL_CONVERSION = YES;
				CLANG_WARN_COMMA = YES;
				CLANG_WARN_CONSTANT_CONVERSION = YES;
				CLANG_WARN_DEPRECATED_OBJC_IMPLEMENTATIONS = YES;
				CLANG_WARN_DIRECT_OBJC_ISA_USAGE = YES_ERROR;
				CLANG_WARN_DOCUMENTATION_COMMENTS = YES;
				CLANG_WARN_EMPTY_BODY = YES;
				CLANG_WARN_ENUM_CONVERSION = YES;
				CLANG_WARN_INFINITE_RECURSION = YES;
				CLANG_WARN_INT_CONVERSION = YES;
				CLANG_WARN_NON_LITERAL_NULL_CONVERSION = YES;
				CLANG_WARN_OBJC_IMPLICIT_RETAIN_SELF = YES;
				CLANG_WARN_OBJC_LITERAL_CONVERSION = YES;
				CLANG_WARN_OBJC_ROOT_CLASS = YES_ERROR;
				CLANG_WARN_RANGE_LOOP_ANALYSIS = YES;
				CLANG_WARN_STRICT_PROTOTYPES = YES;
				CLANG_WARN_SUSPICIOUS_MOVE = YES;
				CLANG_WARN_UNGUARDED_AVAILABILITY = YES_AGGRESSIVE;
				CLANG_WARN_UNREACHABLE_CODE = YES;
				CLANG_WARN__DUPLICATE_METHOD_MATCH = YES;
				CODE_SIGN_IDENTITY = "iPhone Developer";
				COPY_PHASE_STRIP = NO;
				DEBUG_INFORMATION_FORMAT = "dwarf-with-dsym";
				ENABLE_NS_ASSERTIONS = NO;
				ENABLE_STRICT_OBJC_MSGSEND = YES;
				GCC_C_LANGUAGE_STANDARD = gnu11;
				GCC_NO_COMMON_BLOCKS = YES;
				GCC_WARN_64_TO_32_BIT_CONVERSION = YES;
				GCC_WARN_ABOUT_RETURN_TYPE = YES_ERROR;
				GCC_WARN_UNDECLARED_SELECTOR = YES;
				GCC_WARN_UNINITIALIZED_AUTOS = YES_AGGRESSIVE;
				GCC_WARN_UNUSED_FUNCTION = YES;
				GCC_WARN_UNUSED_VARIABLE = YES;
				IPHONEOS_DEPLOYMENT_TARGET = 11.3;
				MTL_ENABLE_DEBUG_INFO = NO;
				SDKROOT = iphoneos;
				SWIFT_COMPILATION_MODE = wholemodule;
				SWIFT_OPTIMIZATION_LEVEL = "-O";
				VALIDATE_PRODUCT = YES;
			};
			name = Release;
		};
		61FA0A3520C547F900A83ACC /* Debug */ = {
			isa = XCBuildConfiguration;
			buildSettings = {
				ASSETCATALOG_COMPILER_APPICON_NAME = AppIcon;
				CODE_SIGN_STYLE = Automatic;
				DEVELOPMENT_TEAM = 5BY9PCCN9Y;
				INFOPLIST_FILE = twoscreens/Info.plist;
				LD_RUNPATH_SEARCH_PATHS = (
					"$(inherited)",
					"@executable_path/Frameworks",
				);
				PRODUCT_BUNDLE_IDENTIFIER = com.twoscreens;
				PRODUCT_NAME = "$(TARGET_NAME)";
				SWIFT_VERSION = 4.0;
				TARGETED_DEVICE_FAMILY = "1,2";
			};
			name = Debug;
		};
		61FA0A3620C547F900A83ACC /* Release */ = {
			isa = XCBuildConfiguration;
			buildSettings = {
				ASSETCATALOG_COMPILER_APPICON_NAME = AppIcon;
				CODE_SIGN_STYLE = Automatic;
				DEVELOPMENT_TEAM = 5BY9PCCN9Y;
				INFOPLIST_FILE = twoscreens/Info.plist;
				LD_RUNPATH_SEARCH_PATHS = (
					"$(inherited)",
					"@executable_path/Frameworks",
				);
				PRODUCT_BUNDLE_IDENTIFIER = com.twoscreens;
				PRODUCT_NAME = "$(TARGET_NAME)";
				SWIFT_VERSION = 4.0;
				TARGETED_DEVICE_FAMILY = "1,2";
			};
			name = Release;
		};
/* End XCBuildConfiguration section */

/* Begin XCConfigurationList section */
		61FA0A1D20C547F800A83ACC /* Build configuration list for PBXProject "twoscreens" */ = {
			isa = XCConfigurationList;
			buildConfigurations = (
				61FA0A3220C547F900A83ACC /* Debug */,
				61FA0A3320C547F900A83ACC /* Release */,
			);
			defaultConfigurationIsVisible = 0;
			defaultConfigurationName = Release;
		};
		61FA0A3420C547F900A83ACC /* Build configuration list for PBXNativeTarget "twoscreens" */ = {
			isa = XCConfigurationList;
			buildConfigurations = (
				61FA0A3520C547F900A83ACC /* Debug */,
				61FA0A3620C547F900A83ACC /* Release */,
			);
			defaultConfigurationIsVisible = 0;
			defaultConfigurationName = Release;
		};
/* End XCConfigurationList section */
	};
	rootObject = 61FA0A1A20C547F800A83ACC /* Project object */;
}
